
Microsoft Visual Studio Solution File, Format Version 12.00
# Visual Studio Version 17
VisualStudioVersion = 17.2.32630.192
MinimumVisualStudioVersion = 10.0.40219.1
Project("{FAE04EC0-301F-11D3-BF4B-00C04F79EFBC}") = "MineSweeper_2022", "MineSweeper_2022\MineSweeper_2022.csproj", "{D8CCAA03-C8FA-4CD8-AEEA-C3FB9DBC60AA}"
EndProject
Global
	GlobalSection(SolutionConfigurationPlatforms) = preSolution
		Debug|Any CPU = Debug|Any CPU
		Release|Any CPU = Release|Any CPU
	EndGlobalSection
	GlobalSection(ProjectConfigurationPlatforms) = postSolution
		{D8CCAA03-C8FA-4CD8-AEEA-C3FB9DBC60AA}.Debug|Any CPU.ActiveCfg = Debug|Any CPU
		{D8CCAA03-C8FA-4CD8-AEEA-C3FB9DBC60AA}.Debug|Any CPU.Build.0 = Debug|Any CPU
		{D8CCAA03-C8FA-4CD8-AEEA-C3FB9DBC60AA}.Release|Any CPU.ActiveCfg = Release|Any CPU
		{D8CCAA03-C8FA-4CD8-AEEA-C3FB9DBC60AA}.Release|Any CPU.Build.0 = Release|Any CPU
	EndGlobalSection
	GlobalSection(SolutionProperties) = preSolution
		HideSolutionNode = FALSE
	EndGlobalSection
	GlobalSection(ExtensibilityGlobals) = postSolution
		SolutionGuid = {FD744F6E-9B9D-4585-83FE-692C7E84FECC}
	EndGlobalSection
EndGlobal
